
Microsoft Visual Studio Solution File, Format Version 12.00
# Visual Studio 15
VisualStudioVersion = 15.0.26124.0
MinimumVisualStudioVersion = 15.0.26124.0
Project("{2150E333-8FDC-42A3-9474-1A3956D46DE8}") = "src", "src", "{0D1BCEA3-CE34-45AC-B7BC-A0F560594FAE}"
EndProject
Project("{FAE04EC0-301F-11D3-BF4B-00C04F79EFBC}") = "GraphQL.Client.Extensions", "src\GraphQL.Client.Extensions\GraphQL.Client.Extensions.csproj", "{B0C085B9-06EC-43D6-8C2A-6322EFFE483D}"
EndProject
Project("{2150E333-8FDC-42A3-9474-1A3956D46DE8}") = "tests", "tests", "{C3742AE9-B5CF-433D-BAC1-671C022FBF23}"
EndProject
Project("{FAE04EC0-301F-11D3-BF4B-00C04F79EFBC}") = "GraphQL.Client.Extensions.IntegrationTests", "tests\GraphQL.Client.Extensions.IntegrationTests\GraphQL.Client.Extensions.IntegrationTests.csproj", "{493161A4-E77D-48C9-85FC-493F46F759D7}"
EndProject
Project("{FAE04EC0-301F-11D3-BF4B-00C04F79EFBC}") = "GraphQL.Client.Extensions.UnitTests", "tests\GraphQL.Client.Extensions.UnitTests\GraphQL.Client.Extensions.UnitTests.csproj", "{753608ED-078D-4300-93DC-D072EEB7D1DD}"
EndProject
Project("{2150E333-8FDC-42A3-9474-1A3956D46DE8}") = "sample", "sample", "{037001D1-0B70-4A2A-BDCA-55842B60B4F8}"
EndProject
Project("{FAE04EC0-301F-11D3-BF4B-00C04F79EFBC}") = "Pokedex", "sample\Pokedex\Pokedex.csproj", "{D368AA9E-EBFE-4D35-8045-5D6DE54650D6}"
EndProject
Project("{FAE04EC0-301F-11D3-BF4B-00C04F79EFBC}") = "Models", "sample\Models\Models.csproj", "{D0ADF85E-624C-4FE3-AFED-52A037567F0F}"
EndProject
Global
	GlobalSection(SolutionConfigurationPlatforms) = preSolution
		Debug|Any CPU = Debug|Any CPU
		Debug|x64 = Debug|x64
		Debug|x86 = Debug|x86
		Release|Any CPU = Release|Any CPU
		Release|x64 = Release|x64
		Release|x86 = Release|x86
	EndGlobalSection
	GlobalSection(SolutionProperties) = preSolution
		HideSolutionNode = FALSE
	EndGlobalSection
	GlobalSection(ProjectConfigurationPlatforms) = postSolution
		{B0C085B9-06EC-43D6-8C2A-6322EFFE483D}.Debug|Any CPU.ActiveCfg = Debug|Any CPU
		{B0C085B9-06EC-43D6-8C2A-6322EFFE483D}.Debug|Any CPU.Build.0 = Debug|Any CPU
		{B0C085B9-06EC-43D6-8C2A-6322EFFE483D}.Debug|x64.ActiveCfg = Debug|Any CPU
		{B0C085B9-06EC-43D6-8C2A-6322EFFE483D}.Debug|x64.Build.0 = Debug|Any CPU
		{B0C085B9-06EC-43D6-8C2A-6322EFFE483D}.Debug|x86.ActiveCfg = Debug|Any CPU
		{B0C085B9-06EC-43D6-8C2A-6322EFFE483D}.Debug|x86.Build.0 = Debug|Any CPU
		{B0C085B9-06EC-43D6-8C2A-6322EFFE483D}.Release|Any CPU.ActiveCfg = Release|Any CPU
		{B0C085B9-06EC-43D6-8C2A-6322EFFE483D}.Release|Any CPU.Build.0 = Release|Any CPU
		{B0C085B9-06EC-43D6-8C2A-6322EFFE483D}.Release|x64.ActiveCfg = Release|Any CPU
		{B0C085B9-06EC-43D6-8C2A-6322EFFE483D}.Release|x64.Build.0 = Release|Any CPU
		{B0C085B9-06EC-43D6-8C2A-6322EFFE483D}.Release|x86.ActiveCfg = Release|Any CPU
		{B0C085B9-06EC-43D6-8C2A-6322EFFE483D}.Release|x86.Build.0 = Release|Any CPU
		{493161A4-E77D-48C9-85FC-493F46F759D7}.Debug|Any CPU.ActiveCfg = Debug|Any CPU
		{493161A4-E77D-48C9-85FC-493F46F759D7}.Debug|Any CPU.Build.0 = Debug|Any CPU
		{493161A4-E77D-48C9-85FC-493F46F759D7}.Debug|x64.ActiveCfg = Debug|Any CPU
		{493161A4-E77D-48C9-85FC-493F46F759D7}.Debug|x64.Build.0 = Debug|Any CPU
		{493161A4-E77D-48C9-85FC-493F46F759D7}.Debug|x86.ActiveCfg = Debug|Any CPU
		{493161A4-E77D-48C9-85FC-493F46F759D7}.Debug|x86.Build.0 = Debug|Any CPU
		{493161A4-E77D-48C9-85FC-493F46F759D7}.Release|Any CPU.ActiveCfg = Release|Any CPU
		{493161A4-E77D-48C9-85FC-493F46F759D7}.Release|Any CPU.Build.0 = Release|Any CPU
		{493161A4-E77D-48C9-85FC-493F46F759D7}.Release|x64.ActiveCfg = Release|Any CPU
		{493161A4-E77D-48C9-85FC-493F46F759D7}.Release|x64.Build.0 = Release|Any CPU
		{493161A4-E77D-48C9-85FC-493F46F759D7}.Release|x86.ActiveCfg = Release|Any CPU
		{493161A4-E77D-48C9-85FC-493F46F759D7}.Release|x86.Build.0 = Release|Any CPU
		{753608ED-078D-4300-93DC-D072EEB7D1DD}.Debug|Any CPU.ActiveCfg = Debug|Any CPU
		{753608ED-078D-4300-93DC-D072EEB7D1DD}.Debug|Any CPU.Build.0 = Debug|Any CPU
		{753608ED-078D-4300-93DC-D072EEB7D1DD}.Debug|x64.ActiveCfg = Debug|Any CPU
		{753608ED-078D-4300-93DC-D072EEB7D1DD}.Debug|x64.Build.0 = Debug|Any CPU
		{753608ED-078D-4300-93DC-D072EEB7D1DD}.Debug|x86.ActiveCfg = Debug|Any CPU
		{753608ED-078D-4300-93DC-D072EEB7D1DD}.Debug|x86.Build.0 = Debug|Any CPU
		{753608ED-078D-4300-93DC-D072EEB7D1DD}.Release|Any CPU.ActiveCfg = Release|Any CPU
		{753608ED-078D-4300-93DC-D072EEB7D1DD}.Release|Any CPU.Build.0 = Release|Any CPU
		{753608ED-078D-4300-93DC-D072EEB7D1DD}.Release|x64.ActiveCfg = Release|Any CPU
		{753608ED-078D-4300-93DC-D072EEB7D1DD}.Release|x64.Build.0 = Release|Any CPU
		{753608ED-078D-4300-93DC-D072EEB7D1DD}.Release|x86.ActiveCfg = Release|Any CPU
		{753608ED-078D-4300-93DC-D072EEB7D1DD}.Release|x86.Build.0 = Release|Any CPU
		{D368AA9E-EBFE-4D35-8045-5D6DE54650D6}.Debug|Any CPU.ActiveCfg = Debug|Any CPU
		{D368AA9E-EBFE-4D35-8045-5D6DE54650D6}.Debug|Any CPU.Build.0 = Debug|Any CPU
		{D368AA9E-EBFE-4D35-8045-5D6DE54650D6}.Debug|x64.ActiveCfg = Debug|Any CPU
		{D368AA9E-EBFE-4D35-8045-5D6DE54650D6}.Debug|x64.Build.0 = Debug|Any CPU
		{D368AA9E-EBFE-4D35-8045-5D6DE54650D6}.Debug|x86.ActiveCfg = Debug|Any CPU
		{D368AA9E-EBFE-4D35-8045-5D6DE54650D6}.Debug|x86.Build.0 = Debug|Any CPU
		{D368AA9E-EBFE-4D35-8045-5D6DE54650D6}.Release|Any CPU.ActiveCfg = Release|Any CPU
		{D368AA9E-EBFE-4D35-8045-5D6DE54650D6}.Release|Any CPU.Build.0 = Release|Any CPU
		{D368AA9E-EBFE-4D35-8045-5D6DE54650D6}.Release|x64.ActiveCfg = Release|Any CPU
		{D368AA9E-EBFE-4D35-8045-5D6DE54650D6}.Release|x64.Build.0 = Release|Any CPU
		{D368AA9E-EBFE-4D35-8045-5D6DE54650D6}.Release|x86.ActiveCfg = Release|Any CPU
		{D368AA9E-EBFE-4D35-8045-5D6DE54650D6}.Release|x86.Build.0 = Release|Any CPU
		{D0ADF85E-624C-4FE3-AFED-52A037567F0F}.Debug|Any CPU.ActiveCfg = Debug|Any CPU
		{D0ADF85E-624C-4FE3-AFED-52A037567F0F}.Debug|Any CPU.Build.0 = Debug|Any CPU
		{D0ADF85E-624C-4FE3-AFED-52A037567F0F}.Debug|x64.ActiveCfg = Debug|Any CPU
		{D0ADF85E-624C-4FE3-AFED-52A037567F0F}.Debug|x64.Build.0 = Debug|Any CPU
		{D0ADF85E-624C-4FE3-AFED-52A037567F0F}.Debug|x86.ActiveCfg = Debug|Any CPU
		{D0ADF85E-624C-4FE3-AFED-52A037567F0F}.Debug|x86.Build.0 = Debug|Any CPU
		{D0ADF85E-624C-4FE3-AFED-52A037567F0F}.Release|Any CPU.ActiveCfg = Release|Any CPU
		{D0ADF85E-624C-4FE3-AFED-52A037567F0F}.Release|Any CPU.Build.0 = Release|Any CPU
		{D0ADF85E-624C-4FE3-AFED-52A037567F0F}.Release|x64.ActiveCfg = Release|Any CPU
		{D0ADF85E-624C-4FE3-AFED-52A037567F0F}.Release|x64.Build.0 = Release|Any CPU
		{D0ADF85E-624C-4FE3-AFED-52A037567F0F}.Release|x86.ActiveCfg = Release|Any CPU
		{D0ADF85E-624C-4FE3-AFED-52A037567F0F}.Release|x86.Build.0 = Release|Any CPU
	EndGlobalSection
	GlobalSection(NestedProjects) = preSolution
		{B0C085B9-06EC-43D6-8C2A-6322EFFE483D} = {0D1BCEA3-CE34-45AC-B7BC-A0F560594FAE}
		{493161A4-E77D-48C9-85FC-493F46F759D7} = {C3742AE9-B5CF-433D-BAC1-671C022FBF23}
		{753608ED-078D-4300-93DC-D072EEB7D1DD} = {C3742AE9-B5CF-433D-BAC1-671C022FBF23}
		{D368AA9E-EBFE-4D35-8045-5D6DE54650D6} = {037001D1-0B70-4A2A-BDCA-55842B60B4F8}
		{D0ADF85E-624C-4FE3-AFED-52A037567F0F} = {037001D1-0B70-4A2A-BDCA-55842B60B4F8}
	EndGlobalSection
EndGlobal
